
Microsoft Visual Studio Solution File, Format Version 12.00
# Visual Studio 14
VisualStudioVersion = 14.0.25420.1
MinimumVisualStudioVersion = 10.0.40219.1
Project("{2150E333-8FDC-42A3-9474-1A3956D46DE8}") = "src", "src", "{4C09B555-52A4-49D9-AB0F-F1A983DD5915}"
EndProject
Project("{2150E333-8FDC-42A3-9474-1A3956D46DE8}") = "Solution Items", "Solution Items", "{1251B5BB-4091-410C-B5E8-D765F588A22B}"
	ProjectSection(SolutionItems) = preProject
		global.json = global.json
	EndProjectSection
EndProject
Project("{8BB2217D-0F2D-49D1-97BC-3654ED321F3B}") = "MarinePressTest", "src\MarinePressTest\MarinePressTest.xproj", "{3626EFBB-3412-4A61-8B81-D0400405C08D}"
EndProject
Global
	GlobalSection(SolutionConfigurationPlatforms) = preSolution
		Debug|Any CPU = Debug|Any CPU
		Release|Any CPU = Release|Any CPU
	EndGlobalSection
	GlobalSection(ProjectConfigurationPlatforms) = postSolution
		{3626EFBB-3412-4A61-8B81-D0400405C08D}.Debug|Any CPU.ActiveCfg = Debug|Any CPU
		{3626EFBB-3412-4A61-8B81-D0400405C08D}.Debug|Any CPU.Build.0 = Debug|Any CPU
		{3626EFBB-3412-4A61-8B81-D0400405C08D}.Release|Any CPU.ActiveCfg = Release|Any CPU
		{3626EFBB-3412-4A61-8B81-D0400405C08D}.Release|Any CPU.Build.0 = Release|Any CPU
	EndGlobalSection
	GlobalSection(SolutionProperties) = preSolution
		HideSolutionNode = FALSE
	EndGlobalSection
	GlobalSection(NestedProjects) = preSolution
		{3626EFBB-3412-4A61-8B81-D0400405C08D} = {4C09B555-52A4-49D9-AB0F-F1A983DD5915}
	EndGlobalSection
EndGlobal
